cookbook 'vagrant-ssh-config', :git => 'git@github.com:tylerflint/chef-vagrant-ssh-config.git', :ref => 'a1d126ff3d5b055290f4ae1991b25bafb1d24d05'
cookbook 'ruby', :git => 'git://github.com/tylerflint/chef-ruby.git', :ref => '74269c098528d3e9d3f4b28e7938a6e18ed93770'
cookbook 'mysql', :locked_version => '1.3.0'
cookbook 'apt', :locked_version => '1.5.0'
cookbook 'build-essential', :locked_version => '1.1.2'
cookbook 'ruby_build', :locked_version => '0.6.2'
cookbook 'openssl', :locked_version => '1.0.0'