cookbook 'apt', :locked_version => '1.5.0'
cookbook 'build-essential', :locked_version => '1.1.2'
cookbook 'ruby_build', :git => 'git://github.com/fnichol/chef-ruby_build.git', :ref => 'c38d86966694b85db291625b245722208b40b61e'
cookbook 'ruby', :git => 'git://github.com/tylerflint/chef-ruby.git', :ref => '668a7af90057da4f17ac44c936cf5b1ae1668c83'
cookbook 'mysql', :locked_version => '1.3.0'
cookbook 'openssl', :locked_version => '1.0.0'